
Microsoft Visual Studio Solution File, Format Version 12.00
# Visual Studio Version 16
VisualStudioVersion = 16.0.30204.135
MinimumVisualStudioVersion = 10.0.40219.1
Project("{9092AA53-FB77-4645-B42D-1CCCA6BD08BD}") = "tstoluatest", "tstoluatest.njsproj", "{72E41931-6376-4C6C-9274-2E68F180E1AF}"
EndProject
Global
	GlobalSection(SolutionConfigurationPlatforms) = preSolution
		Debug|Any CPU = Debug|Any CPU
		Release|Any CPU = Release|Any CPU
	EndGlobalSection
	GlobalSection(ProjectConfigurationPlatforms) = postSolution
		{72E41931-6376-4C6C-9274-2E68F180E1AF}.Debug|Any CPU.ActiveCfg = Debug|Any CPU
		{72E41931-6376-4C6C-9274-2E68F180E1AF}.Debug|Any CPU.Build.0 = Debug|Any CPU
		{72E41931-6376-4C6C-9274-2E68F180E1AF}.Release|Any CPU.ActiveCfg = Release|Any CPU
		{72E41931-6376-4C6C-9274-2E68F180E1AF}.Release|Any CPU.Build.0 = Release|Any CPU
	EndGlobalSection
	GlobalSection(SolutionProperties) = preSolution
		HideSolutionNode = FALSE
	EndGlobalSection
	GlobalSection(ExtensibilityGlobals) = postSolution
		SolutionGuid = {1CC042FD-9E20-4206-A709-2DF5DC8F1737}
	EndGlobalSection
EndGlobal
